
Microsoft Visual Studio Solution File, Format Version 12.00
# Visual Studio Version 17
VisualStudioVersion = 17.1.32319.34
MinimumVisualStudioVersion = 10.0.40219.1
Project("{FAE04EC0-301F-11D3-BF4B-00C04F79EFBC}") = "01.Car", "01.Car\01.Car.csproj", "{CC431E44-ADA9-4B17-A65C-3B39E09F67AE}"
EndProject
Global
	GlobalSection(SolutionConfigurationPlatforms) = preSolution
		Debug|Any CPU = Debug|Any CPU
		Release|Any CPU = Release|Any CPU
	EndGlobalSection
	GlobalSection(ProjectConfigurationPlatforms) = postSolution
		{CC431E44-ADA9-4B17-A65C-3B39E09F67AE}.Debug|Any CPU.ActiveCfg = Debug|Any CPU
		{CC431E44-ADA9-4B17-A65C-3B39E09F67AE}.Debug|Any CPU.Build.0 = Debug|Any CPU
		{CC431E44-ADA9-4B17-A65C-3B39E09F67AE}.Release|Any CPU.ActiveCfg = Release|Any CPU
		{CC431E44-ADA9-4B17-A65C-3B39E09F67AE}.Release|Any CPU.Build.0 = Release|Any CPU
	EndGlobalSection
	GlobalSection(SolutionProperties) = preSolution
		HideSolutionNode = FALSE
	EndGlobalSection
	GlobalSection(ExtensibilityGlobals) = postSolution
		SolutionGuid = {405D3E7E-40E9-4440-8651-63716850E98B}
	EndGlobalSection
EndGlobal
