
Microsoft Visual Studio Solution File, Format Version 12.00
# Visual Studio Version 17
VisualStudioVersion = 17.1.32319.34
MinimumVisualStudioVersion = 10.0.40219.1
Project("{FAE04EC0-301F-11D3-BF4B-00C04F79EFBC}") = "01.BirthdayCelebration", "01.BirthdayCelebration\01.BirthdayCelebration.csproj", "{1503EF19-AD67-4A53-B735-B2F43904E424}"
EndProject
Project("{FAE04EC0-301F-11D3-BF4B-00C04F79EFBC}") = "02.BattleOfFiveArmies", "02.BattleOfFiveArmies\02.BattleOfFiveArmies.csproj", "{0F7AA008-CE38-4702-BF1D-26E88854E999}"
EndProject
Global
	GlobalSection(SolutionConfigurationPlatforms) = preSolution
		Debug|Any CPU = Debug|Any CPU
		Release|Any CPU = Release|Any CPU
	EndGlobalSection
	GlobalSection(ProjectConfigurationPlatforms) = postSolution
		{1503EF19-AD67-4A53-B735-B2F43904E424}.Debug|Any CPU.ActiveCfg = Debug|Any CPU
		{1503EF19-AD67-4A53-B735-B2F43904E424}.Debug|Any CPU.Build.0 = Debug|Any CPU
		{1503EF19-AD67-4A53-B735-B2F43904E424}.Release|Any CPU.ActiveCfg = Release|Any CPU
		{1503EF19-AD67-4A53-B735-B2F43904E424}.Release|Any CPU.Build.0 = Release|Any CPU
		{0F7AA008-CE38-4702-BF1D-26E88854E999}.Debug|Any CPU.ActiveCfg = Debug|Any CPU
		{0F7AA008-CE38-4702-BF1D-26E88854E999}.Debug|Any CPU.Build.0 = Debug|Any CPU
		{0F7AA008-CE38-4702-BF1D-26E88854E999}.Release|Any CPU.ActiveCfg = Release|Any CPU
		{0F7AA008-CE38-4702-BF1D-26E88854E999}.Release|Any CPU.Build.0 = Release|Any CPU
	EndGlobalSection
	GlobalSection(SolutionProperties) = preSolution
		HideSolutionNode = FALSE
	EndGlobalSection
	GlobalSection(ExtensibilityGlobals) = postSolution
		SolutionGuid = {75947685-D71C-4959-A8E9-F45FF675E901}
	EndGlobalSection
EndGlobal
