
Microsoft Visual Studio Solution File, Format Version 12.00
# Visual Studio Version 17
VisualStudioVersion = 17.1.32319.34
MinimumVisualStudioVersion = 10.0.40219.1
Project("{9A19103F-16F7-4668-BE54-9A1E7A4F7556}") = "01.MeterToKilometers", "1.MeterToKilometers\01.MeterToKilometers.csproj", "{7344E184-29CF-45E4-8DE1-90BA0099A5D8}"
EndProject
Project("{9A19103F-16F7-4668-BE54-9A1E7A4F7556}") = "02. Pounds to Dollars", "02. Pounds to Dollars\02. Pounds to Dollars.csproj", "{707651BE-82D4-42D6-AE9F-80D9C283178B}"
EndProject
Project("{9A19103F-16F7-4668-BE54-9A1E7A4F7556}") = "05.SpecialNumber", "SpecialNumber\05.SpecialNumber.csproj", "{BD827D71-8198-4FFF-8730-78E500708484}"
EndProject
Project("{9A19103F-16F7-4668-BE54-9A1E7A4F7556}") = "06.ReversedChars", "ReversedChars\06.ReversedChars.csproj", "{43FDB91E-0C60-41F3-B1AD-7257337DE935}"
EndProject
Project("{9A19103F-16F7-4668-BE54-9A1E7A4F7556}") = "07.ConcanNames", "ConcanNames\07.ConcanNames.csproj", "{EC23AECF-6BF6-482F-9E76-79EC8330012D}"
EndProject
Project("{9A19103F-16F7-4668-BE54-9A1E7A4F7556}") = "08.TownInfo", "TownInfo\08.TownInfo.csproj", "{8B8A304F-8195-464F-890B-122F86BFF570}"
EndProject
Project("{9A19103F-16F7-4668-BE54-9A1E7A4F7556}") = "09.CharsToString", "CharsToString\09.CharsToString.csproj", "{545A0873-700D-45A9-B273-D659224365B7}"
EndProject
Project("{9A19103F-16F7-4668-BE54-9A1E7A4F7556}") = "10.UpperLowerCase", "UpperLowerCase\10.UpperLowerCase.csproj", "{9053E82A-C436-4135-BE0F-E13273890A5F}"
EndProject
Project("{9A19103F-16F7-4668-BE54-9A1E7A4F7556}") = "11.RefactorVolumeOfPyramid", "RefactorVolumeOfPyramid\11.RefactorVolumeOfPyramid.csproj", "{0AA39D40-3EC4-41E4-8648-82CA00C4013C}"
EndProject
Project("{FAE04EC0-301F-11D3-BF4B-00C04F79EFBC}") = "03.ExactSumOfRealNumbers", "03.ExactSumOfRealNumbers\03.ExactSumOfRealNumbers.csproj", "{B35B6360-2E98-48DB-AC4C-37D9BA89CDD1}"
EndProject
Project("{FAE04EC0-301F-11D3-BF4B-00C04F79EFBC}") = "04.CenturiesToMinutes", "04.CenturiesToMinutes\04.CenturiesToMinutes.csproj", "{C545161A-E2C8-480F-AAF7-5FA5FB399FB7}"
EndProject
Global
	GlobalSection(SolutionConfigurationPlatforms) = preSolution
		Debug|Any CPU = Debug|Any CPU
		Release|Any CPU = Release|Any CPU
	EndGlobalSection
	GlobalSection(ProjectConfigurationPlatforms) = postSolution
		{7344E184-29CF-45E4-8DE1-90BA0099A5D8}.Debug|Any CPU.ActiveCfg = Debug|Any CPU
		{7344E184-29CF-45E4-8DE1-90BA0099A5D8}.Debug|Any CPU.Build.0 = Debug|Any CPU
		{7344E184-29CF-45E4-8DE1-90BA0099A5D8}.Release|Any CPU.ActiveCfg = Release|Any CPU
		{7344E184-29CF-45E4-8DE1-90BA0099A5D8}.Release|Any CPU.Build.0 = Release|Any CPU
		{707651BE-82D4-42D6-AE9F-80D9C283178B}.Debug|Any CPU.ActiveCfg = Debug|Any CPU
		{707651BE-82D4-42D6-AE9F-80D9C283178B}.Debug|Any CPU.Build.0 = Debug|Any CPU
		{707651BE-82D4-42D6-AE9F-80D9C283178B}.Release|Any CPU.ActiveCfg = Release|Any CPU
		{707651BE-82D4-42D6-AE9F-80D9C283178B}.Release|Any CPU.Build.0 = Release|Any CPU
		{BD827D71-8198-4FFF-8730-78E500708484}.Debug|Any CPU.ActiveCfg = Debug|Any CPU
		{BD827D71-8198-4FFF-8730-78E500708484}.Debug|Any CPU.Build.0 = Debug|Any CPU
		{BD827D71-8198-4FFF-8730-78E500708484}.Release|Any CPU.ActiveCfg = Release|Any CPU
		{BD827D71-8198-4FFF-8730-78E500708484}.Release|Any CPU.Build.0 = Release|Any CPU
		{43FDB91E-0C60-41F3-B1AD-7257337DE935}.Debug|Any CPU.ActiveCfg = Debug|Any CPU
		{43FDB91E-0C60-41F3-B1AD-7257337DE935}.Debug|Any CPU.Build.0 = Debug|Any CPU
		{43FDB91E-0C60-41F3-B1AD-7257337DE935}.Release|Any CPU.ActiveCfg = Release|Any CPU
		{43FDB91E-0C60-41F3-B1AD-7257337DE935}.Release|Any CPU.Build.0 = Release|Any CPU
		{EC23AECF-6BF6-482F-9E76-79EC8330012D}.Debug|Any CPU.ActiveCfg = Debug|Any CPU
		{EC23AECF-6BF6-482F-9E76-79EC8330012D}.Debug|Any CPU.Build.0 = Debug|Any CPU
		{EC23AECF-6BF6-482F-9E76-79EC8330012D}.Release|Any CPU.ActiveCfg = Release|Any CPU
		{EC23AECF-6BF6-482F-9E76-79EC8330012D}.Release|Any CPU.Build.0 = Release|Any CPU
		{8B8A304F-8195-464F-890B-122F86BFF570}.Debug|Any CPU.ActiveCfg = Debug|Any CPU
		{8B8A304F-8195-464F-890B-122F86BFF570}.Debug|Any CPU.Build.0 = Debug|Any CPU
		{8B8A304F-8195-464F-890B-122F86BFF570}.Release|Any CPU.ActiveCfg = Release|Any CPU
		{8B8A304F-8195-464F-890B-122F86BFF570}.Release|Any CPU.Build.0 = Release|Any CPU
		{545A0873-700D-45A9-B273-D659224365B7}.Debug|Any CPU.ActiveCfg = Debug|Any CPU
		{545A0873-700D-45A9-B273-D659224365B7}.Debug|Any CPU.Build.0 = Debug|Any CPU
		{545A0873-700D-45A9-B273-D659224365B7}.Release|Any CPU.ActiveCfg = Release|Any CPU
		{545A0873-700D-45A9-B273-D659224365B7}.Release|Any CPU.Build.0 = Release|Any CPU
		{9053E82A-C436-4135-BE0F-E13273890A5F}.Debug|Any CPU.ActiveCfg = Debug|Any CPU
		{9053E82A-C436-4135-BE0F-E13273890A5F}.Debug|Any CPU.Build.0 = Debug|Any CPU
		{9053E82A-C436-4135-BE0F-E13273890A5F}.Release|Any CPU.ActiveCfg = Release|Any CPU
		{9053E82A-C436-4135-BE0F-E13273890A5F}.Release|Any CPU.Build.0 = Release|Any CPU
		{0AA39D40-3EC4-41E4-8648-82CA00C4013C}.Debug|Any CPU.ActiveCfg = Debug|Any CPU
		{0AA39D40-3EC4-41E4-8648-82CA00C4013C}.Debug|Any CPU.Build.0 = Debug|Any CPU
		{0AA39D40-3EC4-41E4-8648-82CA00C4013C}.Release|Any CPU.ActiveCfg = Release|Any CPU
		{0AA39D40-3EC4-41E4-8648-82CA00C4013C}.Release|Any CPU.Build.0 = Release|Any CPU
		{B35B6360-2E98-48DB-AC4C-37D9BA89CDD1}.Debug|Any CPU.ActiveCfg = Debug|Any CPU
		{B35B6360-2E98-48DB-AC4C-37D9BA89CDD1}.Debug|Any CPU.Build.0 = Debug|Any CPU
		{B35B6360-2E98-48DB-AC4C-37D9BA89CDD1}.Release|Any CPU.ActiveCfg = Release|Any CPU
		{B35B6360-2E98-48DB-AC4C-37D9BA89CDD1}.Release|Any CPU.Build.0 = Release|Any CPU
		{C545161A-E2C8-480F-AAF7-5FA5FB399FB7}.Debug|Any CPU.ActiveCfg = Debug|Any CPU
		{C545161A-E2C8-480F-AAF7-5FA5FB399FB7}.Debug|Any CPU.Build.0 = Debug|Any CPU
		{C545161A-E2C8-480F-AAF7-5FA5FB399FB7}.Release|Any CPU.ActiveCfg = Release|Any CPU
		{C545161A-E2C8-480F-AAF7-5FA5FB399FB7}.Release|Any CPU.Build.0 = Release|Any CPU
	EndGlobalSection
	GlobalSection(SolutionProperties) = preSolution
		HideSolutionNode = FALSE
	EndGlobalSection
	GlobalSection(ExtensibilityGlobals) = postSolution
		SolutionGuid = {F1A6B4C1-D860-4A3D-9130-9AD542F798AA}
	EndGlobalSection
EndGlobal
